
Microsoft Visual Studio Solution File, Format Version 12.00
# Visual Studio Version 16
VisualStudioVersion = 16.0.31205.134
MinimumVisualStudioVersion = 10.0.40219.1
Project("{FAE04EC0-301F-11D3-BF4B-00C04F79EFBC}") = "TodoApp", "TodoApp\TodoApp.csproj", "{CD4C797E-9A4C-44C8-8C9F-26088A27D20C}"
EndProject
Global
	GlobalSection(SolutionConfigurationPlatforms) = preSolution
		Debug|Any CPU = Debug|Any CPU
		Release|Any CPU = Release|Any CPU
	EndGlobalSection
	GlobalSection(ProjectConfigurationPlatforms) = postSolution
		{CD4C797E-9A4C-44C8-8C9F-26088A27D20C}.Debug|Any CPU.ActiveCfg = Debug|Any CPU
		{CD4C797E-9A4C-44C8-8C9F-26088A27D20C}.Debug|Any CPU.Build.0 = Debug|Any CPU
		{CD4C797E-9A4C-44C8-8C9F-26088A27D20C}.Release|Any CPU.ActiveCfg = Release|Any CPU
		{CD4C797E-9A4C-44C8-8C9F-26088A27D20C}.Release|Any CPU.Build.0 = Release|Any CPU
	EndGlobalSection
	GlobalSection(SolutionProperties) = preSolution
		HideSolutionNode = FALSE
	EndGlobalSection
	GlobalSection(ExtensibilityGlobals) = postSolution
		SolutionGuid = {16F62B37-0FAF-4893-8CE9-DFE4917B84A4}
	EndGlobalSection
EndGlobal
