
Microsoft Visual Studio Solution File, Format Version 12.00
# Visual Studio Version 16
VisualStudioVersion = 16.0.31205.134
MinimumVisualStudioVersion = 10.0.40219.1
Project("{9A19103F-16F7-4668-BE54-9A1E7A4F7556}") = "TodoApp", "TodoApp\TodoApp.csproj", "{CD4C797E-9A4C-44C8-8C9F-26088A27D20C}"
EndProject
Project("{FAE04EC0-301F-11D3-BF4B-00C04F79EFBC}") = "DomainModels", "DomainModels\DomainModels.csproj", "{E00FC5AD-7FE3-405B-B206-FE7CF245A043}"
EndProject
Project("{FAE04EC0-301F-11D3-BF4B-00C04F79EFBC}") = "Database", "Database\Database.csproj", "{CD9AA792-D576-455B-8071-112DFA86D287}"
EndProject
Project("{FAE04EC0-301F-11D3-BF4B-00C04F79EFBC}") = "Repositories", "Repositories\Repositories.csproj", "{C8B3B6BC-8403-467B-802E-BD4746EB40DE}"
EndProject
Global
	GlobalSection(SolutionConfigurationPlatforms) = preSolution
		Debug|Any CPU = Debug|Any CPU
		Release|Any CPU = Release|Any CPU
	EndGlobalSection
	GlobalSection(ProjectConfigurationPlatforms) = postSolution
		{CD4C797E-9A4C-44C8-8C9F-26088A27D20C}.Debug|Any CPU.ActiveCfg = Debug|Any CPU
		{CD4C797E-9A4C-44C8-8C9F-26088A27D20C}.Debug|Any CPU.Build.0 = Debug|Any CPU
		{CD4C797E-9A4C-44C8-8C9F-26088A27D20C}.Release|Any CPU.ActiveCfg = Release|Any CPU
		{CD4C797E-9A4C-44C8-8C9F-26088A27D20C}.Release|Any CPU.Build.0 = Release|Any CPU
		{E00FC5AD-7FE3-405B-B206-FE7CF245A043}.Debug|Any CPU.ActiveCfg = Debug|Any CPU
		{E00FC5AD-7FE3-405B-B206-FE7CF245A043}.Debug|Any CPU.Build.0 = Debug|Any CPU
		{E00FC5AD-7FE3-405B-B206-FE7CF245A043}.Release|Any CPU.ActiveCfg = Release|Any CPU
		{E00FC5AD-7FE3-405B-B206-FE7CF245A043}.Release|Any CPU.Build.0 = Release|Any CPU
		{CD9AA792-D576-455B-8071-112DFA86D287}.Debug|Any CPU.ActiveCfg = Debug|Any CPU
		{CD9AA792-D576-455B-8071-112DFA86D287}.Debug|Any CPU.Build.0 = Debug|Any CPU
		{CD9AA792-D576-455B-8071-112DFA86D287}.Release|Any CPU.ActiveCfg = Release|Any CPU
		{CD9AA792-D576-455B-8071-112DFA86D287}.Release|Any CPU.Build.0 = Release|Any CPU
		{C8B3B6BC-8403-467B-802E-BD4746EB40DE}.Debug|Any CPU.ActiveCfg = Debug|Any CPU
		{C8B3B6BC-8403-467B-802E-BD4746EB40DE}.Debug|Any CPU.Build.0 = Debug|Any CPU
		{C8B3B6BC-8403-467B-802E-BD4746EB40DE}.Release|Any CPU.ActiveCfg = Release|Any CPU
		{C8B3B6BC-8403-467B-802E-BD4746EB40DE}.Release|Any CPU.Build.0 = Release|Any CPU
	EndGlobalSection
	GlobalSection(SolutionProperties) = preSolution
		HideSolutionNode = FALSE
	EndGlobalSection
	GlobalSection(ExtensibilityGlobals) = postSolution
		SolutionGuid = {16F62B37-0FAF-4893-8CE9-DFE4917B84A4}
	EndGlobalSection
EndGlobal
